
Microsoft Visual Studio Solution File, Format Version 12.00
# Visual Studio Version 17
VisualStudioVersion = 17.11.35222.181
MinimumVisualStudioVersion = 10.0.40219.1
Project("{FAE04EC0-301F-11D3-BF4B-00C04F79EFBC}") = "MemoryGame", "MemoryGame\MemoryGame.csproj", "{B702E5EF-0D74-4AD6-9F0C-DC207D9190DD}"
EndProject
Global
	GlobalSection(SolutionConfigurationPlatforms) = preSolution
		Debug|Any CPU = Debug|Any CPU
		Release|Any CPU = Release|Any CPU
	EndGlobalSection
	GlobalSection(ProjectConfigurationPlatforms) = postSolution
		{B702E5EF-0D74-4AD6-9F0C-DC207D9190DD}.Debug|Any CPU.ActiveCfg = Debug|Any CPU
		{B702E5EF-0D74-4AD6-9F0C-DC207D9190DD}.Debug|Any CPU.Build.0 = Debug|Any CPU
		{B702E5EF-0D74-4AD6-9F0C-DC207D9190DD}.Release|Any CPU.ActiveCfg = Release|Any CPU
		{B702E5EF-0D74-4AD6-9F0C-DC207D9190DD}.Release|Any CPU.Build.0 = Release|Any CPU
	EndGlobalSection
	GlobalSection(SolutionProperties) = preSolution
		HideSolutionNode = FALSE
	EndGlobalSection
	GlobalSection(ExtensibilityGlobals) = postSolution
		SolutionGuid = {BE571A55-87A3-41CD-92B4-CC03AF370796}
	EndGlobalSection
EndGlobal
